
Microsoft Visual Studio Solution File, Format Version 12.00
# Visual Studio Version 16
VisualStudioVersion = 16.0.29509.3
MinimumVisualStudioVersion = 10.0.40219.1
Project("{FAE04EC0-301F-11D3-BF4B-00C04F79EFBC}") = "ChoreManager", "ChoreManager.csproj", "{41B3BC14-95AC-43A9-8913-043A3A58BE57}"
EndProject
Global
	GlobalSection(SolutionConfigurationPlatforms) = preSolution
		Debug|Any CPU = Debug|Any CPU
		Release|Any CPU = Release|Any CPU
	EndGlobalSection
	GlobalSection(ProjectConfigurationPlatforms) = postSolution
		{41B3BC14-95AC-43A9-8913-043A3A58BE57}.Debug|Any CPU.ActiveCfg = Debug|Any CPU
		{41B3BC14-95AC-43A9-8913-043A3A58BE57}.Debug|Any CPU.Build.0 = Debug|Any CPU
		{41B3BC14-95AC-43A9-8913-043A3A58BE57}.Release|Any CPU.ActiveCfg = Release|Any CPU
		{41B3BC14-95AC-43A9-8913-043A3A58BE57}.Release|Any CPU.Build.0 = Release|Any CPU
	EndGlobalSection
	GlobalSection(SolutionProperties) = preSolution
		HideSolutionNode = FALSE
	EndGlobalSection
	GlobalSection(ExtensibilityGlobals) = postSolution
		SolutionGuid = {06AE3BE6-BB1F-48B9-A5FC-DD8113999A8B}
	EndGlobalSection
EndGlobal
